Microsoft Visual Studio Solution File, Format Version 12.00
# Visual Studio Version 17
VisualStudioVersion = 17.5.2.0
MinimumVisualStudioVersion = 10.0.40219.1
Project("{FAE04EC0-301F-11D3-BF4B-00C04F79EFBC}") = "ExcelAPI", "ExcelAPI.csproj", "{8C60B20F-1018-E517-5E1A-5F479DF1465C}"
EndProject
Global
	GlobalSection(SolutionConfigurationPlatforms) = preSolution
		Debug|Any CPU = Debug|Any CPU
		Release|Any CPU = Release|Any CPU
	EndGlobalSection
	GlobalSection(ProjectConfigurationPlatforms) = postSolution
		{8C60B20F-1018-E517-5E1A-5F479DF1465C}.Debug|Any CPU.ActiveCfg = Debug|Any CPU
		{8C60B20F-1018-E517-5E1A-5F479DF1465C}.Debug|Any CPU.Build.0 = Debug|Any CPU
		{8C60B20F-1018-E517-5E1A-5F479DF1465C}.Release|Any CPU.ActiveCfg = Release|Any CPU
		{8C60B20F-1018-E517-5E1A-5F479DF1465C}.Release|Any CPU.Build.0 = Release|Any CPU
	EndGlobalSection
	GlobalSection(SolutionProperties) = preSolution
		HideSolutionNode = FALSE
	EndGlobalSection
	GlobalSection(ExtensibilityGlobals) = postSolution
		SolutionGuid = {54C17A2C-8D76-446B-872E-62088857B203}
	EndGlobalSection
EndGlobal
